// !$*UTF8*$!
{
	archiveVersion = 1;
	classes = {
	};
	objectVersion = 56;
	objects = {

/* Begin PBXBuildFile section */
		9850DF9E2BA1F38200CAA39E /* HPTriviaApp.swift in Sources */ = {isa = PBXBuildFile; fileRef = 9850DF9D2BA1F38200CAA39E /* HPTriviaApp.swift */; };
		9850DFA02BA1F38200CAA39E /* ContentView.swift in Sources */ = {isa = PBXBuildFile; fileRef = 9850DF9F2BA1F38200CAA39E /* ContentView.swift */; };
		9850DFA22BA1F38300CAA39E /* Assets.xcassets in Resources */ = {isa = PBXBuildFile; fileRef = 9850DFA12BA1F38300CAA39E /* Assets.xcassets */; };
		9850DFA52BA1F38300CAA39E /* Preview Assets.xcassets in Resources */ = {isa = PBXBuildFile; fileRef = 9850DFA42BA1F38300CAA39E /* Preview Assets.xcassets */; };
		9850DFB32BA1F50800CAA39E /* magic-in-the-air.mp3 in Resources */ = {isa = PBXBuildFile; fileRef = 9850DFAB2BA1F50600CAA39E /* magic-in-the-air.mp3 */; };
		9850DFB42BA1F50800CAA39E /* hiding-place-in-the-forest.mp3 in Resources */ = {isa = PBXBuildFile; fileRef = 9850DFAC2BA1F50600CAA39E /* hiding-place-in-the-forest.mp3 */; };
		9850DFB52BA1F50800CAA39E /* let-the-mystery-unfold.mp3 in Resources */ = {isa = PBXBuildFile; fileRef = 9850DFAD2BA1F50700CAA39E /* let-the-mystery-unfold.mp3 */; };
		9850DFB62BA1F50800CAA39E /* negative-beeps.mp3 in Resources */ = {isa = PBXBuildFile; fileRef = 9850DFAE2BA1F50700CAA39E /* negative-beeps.mp3 */; };
		9850DFB72BA1F50800CAA39E /* spellcraft.mp3 in Resources */ = {isa = PBXBuildFile; fileRef = 9850DFAF2BA1F50700CAA39E /* spellcraft.mp3 */; };
		9850DFB82BA1F50800CAA39E /* page-flip.mp3 in Resources */ = {isa = PBXBuildFile; fileRef = 9850DFB02BA1F50700CAA39E /* page-flip.mp3 */; };
		9850DFB92BA1F50800CAA39E /* deep-in-the-dell.mp3 in Resources */ = {isa = PBXBuildFile; fileRef = 9850DFB12BA1F50700CAA39E /* deep-in-the-dell.mp3 */; };
		9850DFBA2BA1F50800CAA39E /* magic-wand.mp3 in Resources */ = {isa = PBXBuildFile; fileRef = 9850DFB22BA1F50800CAA39E /* magic-wand.mp3 */; };
		9850DFBC2BA1F54600CAA39E /* trivia.json in Resources */ = {isa = PBXBuildFile; fileRef = 9850DFBB2BA1F54600CAA39E /* trivia.json */; };
		9850DFBE2BA1F7C300CAA39E /* Constants.swift in Sources */ = {isa = PBXBuildFile; fileRef = 9850DFBD2BA1F7C300CAA39E /* Constants.swift */; };
		9850DFC02BA2069300CAA39E /* InstructionsView.swift in Sources */ = {isa = PBXBuildFile; fileRef = 9850DFBF2BA2069300CAA39E /* InstructionsView.swift */; };
		9850DFC22BA20DAB00CAA39E /* SettingsView.swift in Sources */ = {isa = PBXBuildFile; fileRef = 9850DFC12BA20DAB00CAA39E /* SettingsView.swift */; };
		9850DFC42BA2133900CAA39E /* GamePlayView.swift in Sources */ = {isa = PBXBuildFile; fileRef = 9850DFC32BA2133900CAA39E /* GamePlayView.swift */; };
		9850DFC72BA8888800CAA39E /* Store.swift in Sources */ = {isa = PBXBuildFile; fileRef = 9850DFC62BA8888800CAA39E /* Store.swift */; };
		9850DFC92BA8913F00CAA39E /* Question.swift in Sources */ = {isa = PBXBuildFile; fileRef = 9850DFC82BA8913F00CAA39E /* Question.swift */; };
		9850DFCB2BA893E200CAA39E /* Game.swift in Sources */ = {isa = PBXBuildFile; fileRef = 9850DFCA2BA893E200CAA39E /* Game.swift */; };
/* End PBXBuildFile section */

/* Begin PBXFileReference section */
		9850DF9A2BA1F38200CAA39E /* HPTrivia.app */ = {isa = PBXFileReference; explicitFileType = wrapper.application; includeInIndex = 0; path = HPTrivia.app; sourceTree = BUILT_PRODUCTS_DIR; };
		9850DF9D2BA1F38200CAA39E /* HPTriviaApp.swift */ = {isa = PBXFileReference; lastKnownFileType = sourcecode.swift; path = HPTriviaApp.swift; sourceTree = "<group>"; };
		9850DF9F2BA1F38200CAA39E /* ContentView.swift */ = {isa = PBXFileReference; lastKnownFileType = sourcecode.swift; path = ContentView.swift; sourceTree = "<group>"; };
		9850DFA12BA1F38300CAA39E /* Assets.xcassets */ = {isa = PBXFileReference; lastKnownFileType = folder.assetcatalog; path = Assets.xcassets; sourceTree = "<group>"; };
		9850DFA42BA1F38300CAA39E /* Preview Assets.xcassets */ = {isa = PBXFileReference; lastKnownFileType = folder.assetcatalog; path = "Preview Assets.xcassets"; sourceTree = "<group>"; };
		9850DFAB2BA1F50600CAA39E /* magic-in-the-air.mp3 */ = {isa = PBXFileReference; lastKnownFileType = audio.mp3; path = "magic-in-the-air.mp3"; sourceTree = "<group>"; };
		9850DFAC2BA1F50600CAA39E /* hiding-place-in-the-forest.mp3 */ = {isa = PBXFileReference; lastKnownFileType = audio.mp3; path = "hiding-place-in-the-forest.mp3"; sourceTree = "<group>"; };
		9850DFAD2BA1F50700CAA39E /* let-the-mystery-unfold.mp3 */ = {isa = PBXFileReference; lastKnownFileType = audio.mp3; path = "let-the-mystery-unfold.mp3"; sourceTree = "<group>"; };
		9850DFAE2BA1F50700CAA39E /* negative-beeps.mp3 */ = {isa = PBXFileReference; lastKnownFileType = audio.mp3; path = "negative-beeps.mp3"; sourceTree = "<group>"; };
		9850DFAF2BA1F50700CAA39E /* spellcraft.mp3 */ = {isa = PBXFileReference; lastKnownFileType = audio.mp3; path = spellcraft.mp3; sourceTree = "<group>"; };
		9850DFB02BA1F50700CAA39E /* page-flip.mp3 */ = {isa = PBXFileReference; lastKnownFileType = audio.mp3; path = "page-flip.mp3"; sourceTree = "<group>"; };
		9850DFB12BA1F50700CAA39E /* deep-in-the-dell.mp3 */ = {isa = PBXFileReference; lastKnownFileType = audio.mp3; path = "deep-in-the-dell.mp3"; sourceTree = "<group>"; };
		9850DFB22BA1F50800CAA39E /* magic-wand.mp3 */ = {isa = PBXFileReference; lastKnownFileType = audio.mp3; path = "magic-wand.mp3"; sourceTree = "<group>"; };
		9850DFBB2BA1F54600CAA39E /* trivia.json */ = {isa = PBXFileReference; fileEncoding = 4; lastKnownFileType = text.json; path = trivia.json; sourceTree = "<group>"; };
		9850DFBD2BA1F7C300CAA39E /* Constants.swift */ = {isa = PBXFileReference; lastKnownFileType = sourcecode.swift; path = Constants.swift; sourceTree = "<group>"; };
		9850DFBF2BA2069300CAA39E /* InstructionsView.swift */ = {isa = PBXFileReference; lastKnownFileType = sourcecode.swift; path = InstructionsView.swift; sourceTree = "<group>"; };
		9850DFC12BA20DAB00CAA39E /* SettingsView.swift */ = {isa = PBXFileReference; lastKnownFileType = sourcecode.swift; path = SettingsView.swift; sourceTree = "<group>"; };
		9850DFC32BA2133900CAA39E /* GamePlayView.swift */ = {isa = PBXFileReference; lastKnownFileType = sourcecode.swift; path = GamePlayView.swift; sourceTree = "<group>"; };
		9850DFC52BA887CC00CAA39E /* hpConfig.storekit */ = {isa = PBXFileReference; lastKnownFileType = text; path = hpConfig.storekit; sourceTree = "<group>"; };
		9850DFC62BA8888800CAA39E /* Store.swift */ = {isa = PBXFileReference; lastKnownFileType = sourcecode.swift; path = Store.swift; sourceTree = "<group>"; };
		9850DFC82BA8913F00CAA39E /* Question.swift */ = {isa = PBXFileReference; lastKnownFileType = sourcecode.swift; path = Question.swift; sourceTree = "<group>"; };
		9850DFCA2BA893E200CAA39E /* Game.swift */ = {isa = PBXFileReference; lastKnownFileType = sourcecode.swift; path = Game.swift; sourceTree = "<group>"; };
/* End PBXFileReference section */

/* Begin PBXFrameworksBuildPhase section */
		9850DF972BA1F38200CAA39E /* Frameworks */ = {
			isa = PBXFrameworksBuildPhase;
			buildActionMask = 2147483647;
			files = (
			);
			runOnlyForDeploymentPostprocessing = 0;
		};
/* End PBXFrameworksBuildPhase section */

/* Begin PBXGroup section */
		9850DF912BA1F38200CAA39E = {
			isa = PBXGroup;
			children = (
				9850DF9C2BA1F38200CAA39E /* HPTrivia */,
				9850DF9B2BA1F38200CAA39E /* Products */,
			);
			sourceTree = "<group>";
		};
		9850DF9B2BA1F38200CAA39E /* Products */ = {
			isa = PBXGroup;
			children = (
				9850DF9A2BA1F38200CAA39E /* HPTrivia.app */,
			);
			name = Products;
			sourceTree = "<group>";
		};
		9850DF9C2BA1F38200CAA39E /* HPTrivia */ = {
			isa = PBXGroup;
			children = (
				9850DF9D2BA1F38200CAA39E /* HPTriviaApp.swift */,
				9850DF9F2BA1F38200CAA39E /* ContentView.swift */,
				9850DFC32BA2133900CAA39E /* GamePlayView.swift */,
				9850DFC12BA20DAB00CAA39E /* SettingsView.swift */,
				9850DFBF2BA2069300CAA39E /* InstructionsView.swift */,
				9850DFCA2BA893E200CAA39E /* Game.swift */,
				9850DFC62BA8888800CAA39E /* Store.swift */,
				9850DFC82BA8913F00CAA39E /* Question.swift */,
				9850DFBD2BA1F7C300CAA39E /* Constants.swift */,
				9850DFC52BA887CC00CAA39E /* hpConfig.storekit */,
				9850DFBB2BA1F54600CAA39E /* trivia.json */,
				9850DFA12BA1F38300CAA39E /* Assets.xcassets */,
				9850DFB12BA1F50700CAA39E /* deep-in-the-dell.mp3 */,
				9850DFAC2BA1F50600CAA39E /* hiding-place-in-the-forest.mp3 */,
				9850DFAD2BA1F50700CAA39E /* let-the-mystery-unfold.mp3 */,
				9850DFAB2BA1F50600CAA39E /* magic-in-the-air.mp3 */,
				9850DFB22BA1F50800CAA39E /* magic-wand.mp3 */,
				9850DFAE2BA1F50700CAA39E /* negative-beeps.mp3 */,
				9850DFB02BA1F50700CAA39E /* page-flip.mp3 */,
				9850DFAF2BA1F50700CAA39E /* spellcraft.mp3 */,
				9850DFA32BA1F38300CAA39E /* Preview Content */,
			);
			path = HPTrivia;
			sourceTree = "<group>";
		};
		9850DFA32BA1F38300CAA39E /* Preview Content */ = {
			isa = PBXGroup;
			children = (
				9850DFA42BA1F38300CAA39E /* Preview Assets.xcassets */,
			);
			path = "Preview Content";
			sourceTree = "<group>";
		};
/* End PBXGroup section */

/* Begin PBXNativeTarget section */
		9850DF992BA1F38200CAA39E /* HPTrivia */ = {
			isa = PBXNativeTarget;
			buildConfigurationList = 9850DFA82BA1F38300CAA39E /* Build configuration list for PBXNativeTarget "HPTrivia" */;
			buildPhases = (
				9850DF962BA1F38200CAA39E /* Sources */,
				9850DF972BA1F38200CAA39E /* Frameworks */,
				9850DF982BA1F38200CAA39E /* Resources */,
			);
			buildRules = (
			);
			dependencies = (
			);
			name = HPTrivia;
			productName = HPTrivia;
			productReference = 9850DF9A2BA1F38200CAA39E /* HPTrivia.app */;
			productType = "com.apple.product-type.application";
		};
/* End PBXNativeTarget section */

/* Begin PBXProject section */
		9850DF922BA1F38200CAA39E /* Project object */ = {
			isa = PBXProject;
			attributes = {
				BuildIndependentTargetsInParallel = 1;
				LastSwiftUpdateCheck = 1510;
				LastUpgradeCheck = 1510;
				TargetAttributes = {
					9850DF992BA1F38200CAA39E = {
						CreatedOnToolsVersion = 15.1;
					};
				};
			};
			buildConfigurationList = 9850DF952BA1F38200CAA39E /* Build configuration list for PBXProject "HPTrivia" */;
			compatibilityVersion = "Xcode 14.0";
			developmentRegion = en;
			hasScannedForEncodings = 0;
			knownRegions = (
				en,
				Base,
			);
			mainGroup = 9850DF912BA1F38200CAA39E;
			productRefGroup = 9850DF9B2BA1F38200CAA39E /* Products */;
			projectDirPath = "";
			projectRoot = "";
			targets = (
				9850DF992BA1F38200CAA39E /* HPTrivia */,
			);
		};
/* End PBXProject section */

/* Begin PBXResourcesBuildPhase section */
		9850DF982BA1F38200CAA39E /* Resources */ = {
			isa = PBXResourcesBuildPhase;
			buildActionMask = 2147483647;
			files = (
				9850DFB82BA1F50800CAA39E /* page-flip.mp3 in Resources */,
				9850DFBC2BA1F54600CAA39E /* trivia.json in Resources */,
				9850DFA52BA1F38300CAA39E /* Preview Assets.xcassets in Resources */,
				9850DFA22BA1F38300CAA39E /* Assets.xcassets in Resources */,
				9850DFB32BA1F50800CAA39E /* magic-in-the-air.mp3 in Resources */,
				9850DFBA2BA1F50800CAA39E /* magic-wand.mp3 in Resources */,
				9850DFB52BA1F50800CAA39E /* let-the-mystery-unfold.mp3 in Resources */,
				9850DFB72BA1F50800CAA39E /* spellcraft.mp3 in Resources */,
				9850DFB92BA1F50800CAA39E /* deep-in-the-dell.mp3 in Resources */,
				9850DFB42BA1F50800CAA39E /* hiding-place-in-the-forest.mp3 in Resources */,
				9850DFB62BA1F50800CAA39E /* negative-beeps.mp3 in Resources */,
			);
			runOnlyForDeploymentPostprocessing = 0;
		};
/* End PBXResourcesBuildPhase section */

/* Begin PBXSourcesBuildPhase section */
		9850DF962BA1F38200CAA39E /* Sources */ = {
			isa = PBXSourcesBuildPhase;
			buildActionMask = 2147483647;
			files = (
				9850DFC72BA8888800CAA39E /* Store.swift in Sources */,
				9850DFCB2BA893E200CAA39E /* Game.swift in Sources */,
				9850DFC92BA8913F00CAA39E /* Question.swift in Sources */,
				9850DFC22BA20DAB00CAA39E /* SettingsView.swift in Sources */,
				9850DFA02BA1F38200CAA39E /* ContentView.swift in Sources */,
				9850DFC02BA2069300CAA39E /* InstructionsView.swift in Sources */,
				9850DF9E2BA1F38200CAA39E /* HPTriviaApp.swift in Sources */,
				9850DFC42BA2133900CAA39E /* GamePlayView.swift in Sources */,
				9850DFBE2BA1F7C300CAA39E /* Constants.swift in Sources */,
			);
			runOnlyForDeploymentPostprocessing = 0;
		};
/* End PBXSourcesBuildPhase section */

/* Begin XCBuildConfiguration section */
		9850DFA62BA1F38300CAA39E /* Debug */ = {
			isa = XCBuildConfiguration;
			buildSettings = {
				ALWAYS_SEARCH_USER_PATHS = NO;
				ASSETCATALOG_COMPILER_GENERATE_SWIFT_ASSET_SYMBOL_EXTENSIONS = YES;
				CLANG_ANALYZER_NONNULL = YES;
				CLANG_ANALYZER_NUMBER_OBJECT_CONVERSION = YES_AGGRESSIVE;
				CLANG_CXX_LANGUAGE_STANDARD = "gnu++20";
				CLANG_ENABLE_MODULES = YES;
				CLANG_ENABLE_OBJC_ARC = YES;
				CLANG_ENABLE_OBJC_WEAK = YES;
				CLANG_WARN_BLOCK_CAPTURE_AUTORELEASING = YES;
				CLANG_WARN_BOOL_CONVERSION = YES;
				CLANG_WARN_COMMA = YES;
				CLANG_WARN_CONSTANT_CONVERSION = YES;
				CLANG_WARN_DEPRECATED_OBJC_IMPLEMENTATIONS = YES;
				CLANG_WARN_DIRECT_OBJC_ISA_USAGE = YES_ERROR;
				CLANG_WARN_DOCUMENTATION_COMMENTS = YES;
				CLANG_WARN_EMPTY_BODY = YES;
				CLANG_WARN_ENUM_CONVERSION = YES;
				CLANG_WARN_INFINITE_RECURSION = YES;
				CLANG_WARN_INT_CONVERSION = YES;
				CLANG_WARN_NON_LITERAL_NULL_CONVERSION = YES;
				CLANG_WARN_OBJC_IMPLICIT_RETAIN_SELF = YES;
				CLANG_WARN_OBJC_LITERAL_CONVERSION = YES;
				CLANG_WARN_OBJC_ROOT_CLASS = YES_ERROR;
				CLANG_WARN_QUOTED_INCLUDE_IN_FRAMEWORK_HEADER = YES;
				CLANG_WARN_RANGE_LOOP_ANALYSIS = YES;
				CLANG_WARN_STRICT_PROTOTYPES = YES;
				CLANG_WARN_SUSPICIOUS_MOVE = YES;
				CLANG_WARN_UNGUARDED_AVAILABILITY = YES_AGGRESSIVE;
				CLANG_WARN_UNREACHABLE_CODE = YES;
				CLANG_WARN__DUPLICATE_METHOD_MATCH = YES;
				COPY_PHASE_STRIP = NO;
				DEBUG_INFORMATION_FORMAT = dwarf;
				ENABLE_STRICT_OBJC_MSGSEND = YES;
				ENABLE_TESTABILITY = YES;
				ENABLE_USER_SCRIPT_SANDBOXING = YES;
				GCC_C_LANGUAGE_STANDARD = gnu17;
				GCC_DYNAMIC_NO_PIC = NO;
				GCC_NO_COMMON_BLOCKS = YES;
				GCC_OPTIMIZATION_LEVEL = 0;
				GCC_PREPROCESSOR_DEFINITIONS = (
					"DEBUG=1",
					"$(inherited)",
				);
				GCC_WARN_64_TO_32_BIT_CONVERSION = YES;
				GCC_WARN_ABOUT_RETURN_TYPE = YES_ERROR;
				GCC_WARN_UNDECLARED_SELECTOR = YES;
				GCC_WARN_UNINITIALIZED_AUTOS = YES_AGGRESSIVE;
				GCC_WARN_UNUSED_FUNCTION = YES;
				GCC_WARN_UNUSED_VARIABLE = YES;
				IPHONEOS_DEPLOYMENT_TARGET = 17.2;
				LOCALIZATION_PREFERS_STRING_CATALOGS = YES;
				MTL_ENABLE_DEBUG_INFO = INCLUDE_SOURCE;
				MTL_FAST_MATH = YES;
				ONLY_ACTIVE_ARCH = YES;
				SDKROOT = iphoneos;
				SWIFT_ACTIVE_COMPILATION_CONDITIONS = "DEBUG $(inherited)";
				SWIFT_OPTIMIZATION_LEVEL = "-Onone";
			};
			name = Debug;
		};
		9850DFA72BA1F38300CAA39E /* Release */ = {
			isa = XCBuildConfiguration;
			buildSettings = {
				ALWAYS_SEARCH_USER_PATHS = NO;
				ASSETCATALOG_COMPILER_GENERATE_SWIFT_ASSET_SYMBOL_EXTENSIONS = YES;
				CLANG_ANALYZER_NONNULL = YES;
				CLANG_ANALYZER_NUMBER_OBJECT_CONVERSION = YES_AGGRESSIVE;
				CLANG_CXX_LANGUAGE_STANDARD = "gnu++20";
				CLANG_ENABLE_MODULES = YES;
				CLANG_ENABLE_OBJC_ARC = YES;
				CLANG_ENABLE_OBJC_WEAK = YES;
				CLANG_WARN_BLOCK_CAPTURE_AUTORELEASING = YES;
				CLANG_WARN_BOOL_CONVERSION = YES;
				CLANG_WARN_COMMA = YES;
				CLANG_WARN_CONSTANT_CONVERSION = YES;
				CLANG_WARN_DEPRECATED_OBJC_IMPLEMENTATIONS = YES;
				CLANG_WARN_DIRECT_OBJC_ISA_USAGE = YES_ERROR;
				CLANG_WARN_DOCUMENTATION_COMMENTS = YES;
				CLANG_WARN_EMPTY_BODY = YES;
				CLANG_WARN_ENUM_CONVERSION = YES;
				CLANG_WARN_INFINITE_RECURSION = YES;
				CLANG_WARN_INT_CONVERSION = YES;
				CLANG_WARN_NON_LITERAL_NULL_CONVERSION = YES;
				CLANG_WARN_OBJC_IMPLICIT_RETAIN_SELF = YES;
				CLANG_WARN_OBJC_LITERAL_CONVERSION = YES;
				CLANG_WARN_OBJC_ROOT_CLASS = YES_ERROR;
				CLANG_WARN_QUOTED_INCLUDE_IN_FRAMEWORK_HEADER = YES;
				CLANG_WARN_RANGE_LOOP_ANALYSIS = YES;
				CLANG_WARN_STRICT_PROTOTYPES = YES;
				CLANG_WARN_SUSPICIOUS_MOVE = YES;
				CLANG_WARN_UNGUARDED_AVAILABILITY = YES_AGGRESSIVE;
				CLANG_WARN_UNREACHABLE_CODE = YES;
				CLANG_WARN__DUPLICATE_METHOD_MATCH = YES;
				COPY_PHASE_STRIP = NO;
				DEBUG_INFORMATION_FORMAT = "dwarf-with-dsym";
				ENABLE_NS_ASSERTIONS = NO;
				ENABLE_STRICT_OBJC_MSGSEND = YES;
				ENABLE_USER_SCRIPT_SANDBOXING = YES;
				GCC_C_LANGUAGE_STANDARD = gnu17;
				GCC_NO_COMMON_BLOCKS = YES;
				GCC_WARN_64_TO_32_BIT_CONVERSION = YES;
				GCC_WARN_ABOUT_RETURN_TYPE = YES_ERROR;
				GCC_WARN_UNDECLARED_SELECTOR = YES;
				GCC_WARN_UNINITIALIZED_AUTOS = YES_AGGRESSIVE;
				GCC_WARN_UNUSED_FUNCTION = YES;
				GCC_WARN_UNUSED_VARIABLE = YES;
				IPHONEOS_DEPLOYMENT_TARGET = 17.2;
				LOCALIZATION_PREFERS_STRING_CATALOGS = YES;
				MTL_ENABLE_DEBUG_INFO = NO;
				MTL_FAST_MATH = YES;
				SDKROOT = iphoneos;
				SWIFT_COMPILATION_MODE = wholemodule;
				VALIDATE_PRODUCT = YES;
			};
			name = Release;
		};
		9850DFA92BA1F38300CAA39E /* Debug */ = {
			isa = XCBuildConfiguration;
			buildSettings = {
				ASSETCATALOG_COMPILER_APPICON_NAME = AppIcon;
				ASSETCATALOG_COMPILER_GLOBAL_ACCENT_COLOR_NAME = AccentColor;
				CODE_SIGN_STYLE = Automatic;
				CURRENT_PROJECT_VERSION = 1;
				DEVELOPMENT_ASSET_PATHS = "\"HPTrivia/Preview Content\"";
				DEVELOPMENT_TEAM = APCT84C8RF;
				ENABLE_PREVIEWS = YES;
				GENERATE_INFOPLIST_FILE = YES;
				INFOPLIST_KEY_UIApplicationSceneManifest_Generation = YES;
				INFOPLIST_KEY_UIApplicationSupportsIndirectInputEvents = YES;
				INFOPLIST_KEY_UILaunchScreen_Generation = YES;
				INFOPLIST_KEY_UISupportedInterfaceOrientations_iPad = "UIInterfaceOrientationPortrait UIInterfaceOrientationPortraitUpsideDown UIInterfaceOrientationLandscapeLeft UIInterfaceOrientationLandscapeRight";
				INFOPLIST_KEY_UISupportedInterfaceOrientations_iPhone = "UIInterfaceOrientationPortrait UIInterfaceOrientationLandscapeLeft UIInterfaceOrientationLandscapeRight";
				LD_RUNPATH_SEARCH_PATHS = (
					"$(inherited)",
					"@executable_path/Frameworks",
				);
				MARKETING_VERSION = 1.0;
				PRODUCT_BUNDLE_IDENTIFIER = com.katdeegan.HPTrivia;
				PRODUCT_NAME = "$(TARGET_NAME)";
				SWIFT_EMIT_LOC_STRINGS = YES;
				SWIFT_VERSION = 5.0;
				TARGETED_DEVICE_FAMILY = "1,2";
			};
			name = Debug;
		};
		9850DFAA2BA1F38300CAA39E /* Release */ = {
			isa = XCBuildConfiguration;
			buildSettings = {
				ASSETCATALOG_COMPILER_APPICON_NAME = AppIcon;
				ASSETCATALOG_COMPILER_GLOBAL_ACCENT_COLOR_NAME = AccentColor;
				CODE_SIGN_STYLE = Automatic;
				CURRENT_PROJECT_VERSION = 1;
				DEVELOPMENT_ASSET_PATHS = "\"HPTrivia/Preview Content\"";
				DEVELOPMENT_TEAM = APCT84C8RF;
				ENABLE_PREVIEWS = YES;
				GENERATE_INFOPLIST_FILE = YES;
				INFOPLIST_KEY_UIApplicationSceneManifest_Generation = YES;
				INFOPLIST_KEY_UIApplicationSupportsIndirectInputEvents = YES;
				INFOPLIST_KEY_UILaunchScreen_Generation = YES;
				INFOPLIST_KEY_UISupportedInterfaceOrientations_iPad = "UIInterfaceOrientationPortrait UIInterfaceOrientationPortraitUpsideDown UIInterfaceOrientationLandscapeLeft UIInterfaceOrientationLandscapeRight";
				INFOPLIST_KEY_UISupportedInterfaceOrientations_iPhone = "UIInterfaceOrientationPortrait UIInterfaceOrientationLandscapeLeft UIInterfaceOrientationLandscapeRight";
				LD_RUNPATH_SEARCH_PATHS = (
					"$(inherited)",
					"@executable_path/Frameworks",
				);
				MARKETING_VERSION = 1.0;
				PRODUCT_BUNDLE_IDENTIFIER = com.katdeegan.HPTrivia;
				PRODUCT_NAME = "$(TARGET_NAME)";
				SWIFT_EMIT_LOC_STRINGS = YES;
				SWIFT_VERSION = 5.0;
				TARGETED_DEVICE_FAMILY = "1,2";
			};
			name = Release;
		};
/* End XCBuildConfiguration section */

/* Begin XCConfigurationList section */
		9850DF952BA1F38200CAA39E /* Build configuration list for PBXProject "HPTrivia" */ = {
			isa = XCConfigurationList;
			buildConfigurations = (
				9850DFA62BA1F38300CAA39E /* Debug */,
				9850DFA72BA1F38300CAA39E /* Release */,
			);
			defaultConfigurationIsVisible = 0;
			defaultConfigurationName = Release;
		};
		9850DFA82BA1F38300CAA39E /* Build configuration list for PBXNativeTarget "HPTrivia" */ = {
			isa = XCConfigurationList;
			buildConfigurations = (
				9850DFA92BA1F38300CAA39E /* Debug */,
				9850DFAA2BA1F38300CAA39E /* Release */,
			);
			defaultConfigurationIsVisible = 0;
			defaultConfigurationName = Release;
		};
/* End XCConfigurationList section */
	};
	rootObject = 9850DF922BA1F38200CAA39E /* Project object */;
}
